
Microsoft Visual Studio Solution File, Format Version 12.00
# Visual Studio Version 17
VisualStudioVersion = 17.10.35027.167
MinimumVisualStudioVersion = 10.0.40219.1
Project("{8BC9CEB8-8B4A-11D0-8D11-00A0C91BC942}") = "ExanimaFormMaker", "ExanimaFormMaker\ExanimaFormMaker.vcxproj", "{B983989F-95EF-4A9A-9EA7-350A072A0893}"
EndProject
Global
	GlobalSection(SolutionConfigurationPlatforms) = preSolution
		Debug|x64 = Debug|x64
		Debug|x86 = Debug|x86
		Release|x64 = Release|x64
		Release|x86 = Release|x86
	EndGlobalSection
	GlobalSection(ProjectConfigurationPlatforms) = postSolution
		{B983989F-95EF-4A9A-9EA7-350A072A0893}.Debug|x64.ActiveCfg = Debug|x64
		{B983989F-95EF-4A9A-9EA7-350A072A0893}.Debug|x64.Build.0 = Debug|x64
		{B983989F-95EF-4A9A-9EA7-350A072A0893}.Debug|x86.ActiveCfg = Debug|Win32
		{B983989F-95EF-4A9A-9EA7-350A072A0893}.Debug|x86.Build.0 = Debug|Win32
		{B983989F-95EF-4A9A-9EA7-350A072A0893}.Release|x64.ActiveCfg = Release|x64
		{B983989F-95EF-4A9A-9EA7-350A072A0893}.Release|x64.Build.0 = Release|x64
		{B983989F-95EF-4A9A-9EA7-350A072A0893}.Release|x86.ActiveCfg = Release|Win32
		{B983989F-95EF-4A9A-9EA7-350A072A0893}.Release|x86.Build.0 = Release|Win32
	EndGlobalSection
	GlobalSection(SolutionProperties) = preSolution
		HideSolutionNode = FALSE
	EndGlobalSection
	GlobalSection(ExtensibilityGlobals) = postSolution
		SolutionGuid = {E7AD8C9D-D5C9-4CF8-904B-D87408DBC05A}
	EndGlobalSection
EndGlobal
